
Microsoft Visual Studio Solution File, Format Version 12.00
# Visual Studio 15
VisualStudioVersion = 15.0.26730.10
MinimumVisualStudioVersion = 10.0.40219.1
Project("{FAE04EC0-301F-11D3-BF4B-00C04F79EFBC}") = "week04", "week04\week04.csproj", "{D9083C02-5C07-443B-89E2-FD0C47B2301B}"
EndProject
Global
	GlobalSection(SolutionConfigurationPlatforms) = preSolution
		Debug|Any CPU = Debug|Any CPU
		Release|Any CPU = Release|Any CPU
	EndGlobalSection
	GlobalSection(ProjectConfigurationPlatforms) = postSolution
		{D9083C02-5C07-443B-89E2-FD0C47B2301B}.Debug|Any CPU.ActiveCfg = Debug|Any CPU
		{D9083C02-5C07-443B-89E2-FD0C47B2301B}.Debug|Any CPU.Build.0 = Debug|Any CPU
		{D9083C02-5C07-443B-89E2-FD0C47B2301B}.Release|Any CPU.ActiveCfg = Release|Any CPU
		{D9083C02-5C07-443B-89E2-FD0C47B2301B}.Release|Any CPU.Build.0 = Release|Any CPU
	EndGlobalSection
	GlobalSection(SolutionProperties) = preSolution
		HideSolutionNode = FALSE
	EndGlobalSection
	GlobalSection(ExtensibilityGlobals) = postSolution
		SolutionGuid = {BE236E7B-F437-4821-8BDD-E4E48603BC0B}
	EndGlobalSection
EndGlobal
